{
  "name": "angularjs-introduccion-grunt-connect",
  "version": "0.0.0",
  "lockfileVersion": 1,
  "requires": true,
  "dependencies": {
    "@mapbox/jsonlint-lines-primitives": {
      "version": "2.0.2",
      "resolved": "https://registry.npmjs.org/@mapbox/jsonlint-lines-primitives/-/jsonlint-lines-primitives-2.0.2.tgz",
      "integrity": "sha1-zlblOfg1UrWNENZy6k1vya3HsjQ="
    },
    "@mapbox/mapbox-gl-style-spec": {
      "version": "13.18.0",
      "resolved": "https://registry.npmjs.org/@mapbox/mapbox-gl-style-spec/-/mapbox-gl-style-spec-13.18.0.tgz",
      "integrity": "sha512-KwGBJfhxwCqImSZB2eiKZzTV2sRjkfGjn6gZen2jUlLfxJAAzSCaZP+37m+y3RcGTC+jPTADYkorhamwPuxaVw==",
      "requires": {
        "@mapbox/jsonlint-lines-primitives": "~2.0.2",
        "@mapbox/point-geometry": "^0.1.0",
        "@mapbox/unitbezier": "^0.0.0",
        "csscolorparser": "~1.0.2",
        "json-stringify-pretty-compact": "^2.0.0",
        "minimist": "^1.2.5",
        "rw": "^1.3.3",
        "sort-object": "^0.3.2"
      }
    },
    "@mapbox/point-geometry": {
      "version": "0.1.0",
      "resolved": "https://registry.npmjs.org/@mapbox/point-geometry/-/point-geometry-0.1.0.tgz",
      "integrity": "sha1-ioP5M1x4YO/6Lu7KJUMyqgru2PI="
    },
    "@mapbox/unitbezier": {
      "version": "0.0.0",
      "resolved": "https://registry.npmjs.org/@mapbox/unitbezier/-/unitbezier-0.0.0.tgz",
      "integrity": "sha1-FWUb1VOme4WB+zmIEMmK2Go0Uk4="
    },
    "abbrev": {
      "version": "1.1.1",
      "resolved": "https://registry.npmjs.org/abbrev/-/abbrev-1.1.1.tgz",
      "integrity": "sha512-nne9/IiQ/hzIhY6pdDnbBtz7DjPTKrY00P/zvPSm5pOFkl6xuGrGnXn/VtTNNfNtAfZ9/1RtehkszU9qcTii0Q==",
      "dev": true
    },
    "argparse": {
      "version": "0.1.16",
      "resolved": "https://registry.npmjs.org/argparse/-/argparse-0.1.16.tgz",
      "integrity": "sha1-z9AeD7uj1srtBJ+9dY1A9lGW9Xw=",
      "dev": true,
      "requires": {
        "underscore": "~1.7.0",
        "underscore.string": "~2.4.0"
      },
      "dependencies": {
        "underscore.string": {
          "version": "2.4.0",
          "resolved": "https://registry.npmjs.org/underscore.string/-/underscore.string-2.4.0.tgz",
          "integrity": "sha1-jN2PusTi0uoefi6Al8QvRCKA+Fs=",
          "dev": true
        }
      }
    },
    "async": {
      "version": "0.1.22",
      "resolved": "https://registry.npmjs.org/async/-/async-0.1.22.tgz",
      "integrity": "sha1-D8GqoIig4+8Ovi2IMbqw3PiEUGE=",
      "dev": true
    },
    "balanced-match": {
      "version": "1.0.0",
      "resolved": "https://registry.npmjs.org/balanced-match/-/balanced-match-1.0.0.tgz",
      "integrity": "sha1-ibTRmasr7kneFk6gK4nORi1xt2c=",
      "dev": true
    },
    "batch": {
      "version": "0.5.0",
      "resolved": "https://registry.npmjs.org/batch/-/batch-0.5.0.tgz",
      "integrity": "sha1-/S4Fp6XWlrTbkxQBPihdj/NVfsM=",
      "dev": true
    },
    "body": {
      "version": "5.1.0",
      "resolved": "https://registry.npmjs.org/body/-/body-5.1.0.tgz",
      "integrity": "sha1-5LoM5BCkaTYyM2dgnstOZVMSUGk=",
      "dev": true,
      "requires": {
        "continuable-cache": "^0.3.1",
        "error": "^7.0.0",
        "raw-body": "~1.1.0",
        "safe-json-parse": "~1.0.1"
      }
    },
    "brace-expansion": {
      "version": "1.1.11",
      "resolved": "https://registry.npmjs.org/brace-expansion/-/brace-expansion-1.1.11.tgz",
      "integrity": "sha512-iCuPHDFgrHX7H2vEI/5xpz07zSHB00TpugqhmYtVmMO6518mCuRMoOYFldEBl0g187ufozdaHgWKcYFb61qGiA==",
      "dev": true,
      "requires": {
        "balanced-match": "^1.0.0",
        "concat-map": "0.0.1"
      }
    },
    "buffer-crc32": {
      "version": "0.2.1",
      "resolved": "https://registry.npmjs.org/buffer-crc32/-/buffer-crc32-0.2.1.tgz",
      "integrity": "sha1-vj5TgvwCttYySVasGvmKqYsIU0w=",
      "dev": true
    },
    "bytes": {
      "version": "0.2.1",
      "resolved": "https://registry.npmjs.org/bytes/-/bytes-0.2.1.tgz",
      "integrity": "sha1-VVsIq8sGP4l1kFMCUj5M1P/f3zE=",
      "dev": true
    },
    "coffee-script": {
      "version": "1.3.3",
      "resolved": "https://registry.npmjs.org/coffee-script/-/coffee-script-1.3.3.tgz",
      "integrity": "sha1-FQ1rTLUiiUNp7+1qIQHCC8f0pPQ=",
      "dev": true
    },
    "colors": {
      "version": "0.6.2",
      "resolved": "https://registry.npmjs.org/colors/-/colors-0.6.2.tgz",
      "integrity": "sha1-JCP+ZnisDF2uiFLl0OW+CMmXq8w=",
      "dev": true
    },
    "compressible": {
      "version": "1.0.0",
      "resolved": "https://registry.npmjs.org/compressible/-/compressible-1.0.0.tgz",
      "integrity": "sha1-+D5JwcthQhdTVFElqAEdaLSSQn0=",
      "dev": true
    },
    "concat-map": {
      "version": "0.0.1",
      "resolved": "https://registry.npmjs.org/concat-map/-/concat-map-0.0.1.tgz",
      "integrity": "sha1-2Klr13/Wjfd5OnMDajug1UBdR3s=",
      "dev": true
    },
    "connect": {
      "version": "2.13.1",
      "resolved": "https://registry.npmjs.org/connect/-/connect-2.13.1.tgz",
      "integrity": "sha1-qrgr6fB2WkI6qZQxq5IqqoCBqiI=",
      "dev": true,
      "requires": {
        "batch": "0.5.0",
        "buffer-crc32": "0.2.1",
        "bytes": "0.2.1",
        "compressible": "1.0.0",
        "cookie": "0.1.0",
        "cookie-signature": "1.0.1",
        "debug": ">= 0.7.3 < 1",
        "fresh": "0.2.0",
        "methods": "0.1.0",
        "multiparty": "2.2.0",
        "negotiator": "0.3.0",
        "pause": "0.0.1",
        "qs": "0.6.6",
        "raw-body": "1.1.3",
        "send": "0.1.4",
        "uid2": "0.0.3"
      }
    },
    "connect-livereload": {
      "version": "0.3.2",
      "resolved": "https://registry.npmjs.org/connect-livereload/-/connect-livereload-0.3.2.tgz",
      "integrity": "sha1-3bcKpQkB1YN4NmJ3Dj07Y9fOQP8=",
      "dev": true
    },
    "continuable-cache": {
      "version": "0.3.1",
      "resolved": "https://registry.npmjs.org/continuable-cache/-/continuable-cache-0.3.1.tgz",
      "integrity": "sha1-vXJ6f67XfnH/OYWskzUakSczrQ8=",
      "dev": true
    },
    "cookie": {
      "version": "0.1.0",
      "resolved": "https://registry.npmjs.org/cookie/-/cookie-0.1.0.tgz",
      "integrity": "sha1-kOtGndzpBchm3mh+/EMTHYgB+dA=",
      "dev": true
    },
    "cookie-signature": {
      "version": "1.0.1",
      "resolved": "https://registry.npmjs.org/cookie-signature/-/cookie-signature-1.0.1.tgz",
      "integrity": "sha1-ROByFIrwHm6OJK+/EmkNaK5pjss=",
      "dev": true
    },
    "core-util-is": {
      "version": "1.0.2",
      "resolved": "https://registry.npmjs.org/core-util-is/-/core-util-is-1.0.2.tgz",
      "integrity": "sha1-tf1UIgqivFq1eqtxQMlAdUUDwac=",
      "dev": true
    },
    "csscolorparser": {
      "version": "1.0.3",
      "resolved": "https://registry.npmjs.org/csscolorparser/-/csscolorparser-1.0.3.tgz",
      "integrity": "sha1-s085HupNqPPpgjHizNjfnAQfFxs="
    },
    "dateformat": {
      "version": "1.0.2-1.2.3",
      "resolved": "https://registry.npmjs.org/dateformat/-/dateformat-1.0.2-1.2.3.tgz",
      "integrity": "sha1-sCIMAt6YYXQztyhRz0fePfLNvuk=",
      "dev": true
    },
    "debug": {
      "version": "0.8.1",
      "resolved": "https://registry.npmjs.org/debug/-/debug-0.8.1.tgz",
      "integrity": "sha1-IP9NJvXkIstoobrLu2EDmtjBwTA=",
      "dev": true
    },
    "error": {
      "version": "7.2.1",
      "resolved": "https://registry.npmjs.org/error/-/error-7.2.1.tgz",
      "integrity": "sha512-fo9HBvWnx3NGUKMvMwB/CBCMMrfEJgbDTVDEkPygA3Bdd3lM1OyCd+rbQ8BwnpF6GdVeOLDNmyL4N5Bg80ZvdA==",
      "dev": true,
      "requires": {
        "string-template": "~0.2.1"
      }
    },
    "esprima": {
      "version": "1.0.4",
      "resolved": "https://registry.npmjs.org/esprima/-/esprima-1.0.4.tgz",
      "integrity": "sha1-n1V+CPw7TSbs6d00+Pv0drYlha0=",
      "dev": true
    },
    "eventemitter2": {
      "version": "0.4.14",
      "resolved": "https://registry.npmjs.org/eventemitter2/-/eventemitter2-0.4.14.tgz",
      "integrity": "sha1-j2G3XN4BKy6esoTUVFWDtWQ7Yas=",
      "dev": true
    },
    "exit": {
      "version": "0.1.2",
      "resolved": "https://registry.npmjs.org/exit/-/exit-0.1.2.tgz",
      "integrity": "sha1-BjJjj42HfMghB9MKD/8aF8uhzQw=",
      "dev": true
    },
    "faye-websocket": {
      "version": "0.10.0",
      "resolved": "https://registry.npmjs.org/faye-websocket/-/faye-websocket-0.10.0.tgz",
      "integrity": "sha1-TkkvjQTftviQA1B/btvy1QHnxvQ=",
      "dev": true,
      "requires": {
        "websocket-driver": ">=0.5.1"
      }
    },
    "findup-sync": {
      "version": "0.1.3",
      "resolved": "https://registry.npmjs.org/findup-sync/-/findup-sync-0.1.3.tgz",
      "integrity": "sha1-fz56l7gjksZTvwZYm9hRkOk8NoM=",
      "dev": true,
      "requires": {
        "glob": "~3.2.9",
        "lodash": "~2.4.1"
      },
      "dependencies": {
        "glob": {
          "version": "3.2.11",
          "resolved": "https://registry.npmjs.org/glob/-/glob-3.2.11.tgz",
          "integrity": "sha1-Spc/Y1uRkPcV0QmH1cAP0oFevj0=",
          "dev": true,
          "requires": {
            "inherits": "2",
            "minimatch": "0.3"
          }
        },
        "lodash": {
          "version": "2.4.2",
          "resolved": "https://registry.npmjs.org/lodash/-/lodash-2.4.2.tgz",
          "integrity": "sha1-+t2DS5aDBz2hebPq5tnA0VBT9z4=",
          "dev": true
        },
        "minimatch": {
          "version": "0.3.0",
          "resolved": "https://registry.npmjs.org/minimatch/-/minimatch-0.3.0.tgz",
          "integrity": "sha1-J12O2qxPG7MyZHIInnlJyDlGmd0=",
          "dev": true,
          "requires": {
            "lru-cache": "2",
            "sigmund": "~1.0.0"
          }
        }
      }
    },
    "fresh": {
      "version": "0.2.0",
      "resolved": "https://registry.npmjs.org/fresh/-/fresh-0.2.0.tgz",
      "integrity": "sha1-v9lALPPfEsSkwxDHn5mj3eE9NKc=",
      "dev": true
    },
    "fs.realpath": {
      "version": "1.0.0",
      "resolved": "https://registry.npmjs.org/fs.realpath/-/fs.realpath-1.0.0.tgz",
      "integrity": "sha1-FQStJSMVjKpA20onh8sBQRmU6k8=",
      "dev": true
    },
    "gaze": {
      "version": "1.1.3",
      "resolved": "https://registry.npmjs.org/gaze/-/gaze-1.1.3.tgz",
      "integrity": "sha512-BRdNm8hbWzFzWHERTrejLqwHDfS4GibPoq5wjTPIoJHoBtKGPg3xAFfxmM+9ztbXelxcf2hwQcaz1PtmFeue8g==",
      "dev": true,
      "requires": {
        "globule": "^1.0.0"
      }
    },
    "getobject": {
      "version": "0.1.0",
      "resolved": "https://registry.npmjs.org/getobject/-/getobject-0.1.0.tgz",
      "integrity": "sha1-BHpEl4n6Fg0Bj1SG7ZEyC27HiFw=",
      "dev": true
    },
    "glob": {
      "version": "3.1.21",
      "resolved": "https://registry.npmjs.org/glob/-/glob-3.1.21.tgz",
      "integrity": "sha1-0p4KBV3qUTj00H7UDomC6DwgZs0=",
      "dev": true,
      "requires": {
        "graceful-fs": "~1.2.0",
        "inherits": "1",
        "minimatch": "~0.2.11"
      },
      "dependencies": {
        "inherits": {
          "version": "1.0.2",
          "resolved": "https://registry.npmjs.org/inherits/-/inherits-1.0.2.tgz",
          "integrity": "sha1-ykMJ2t7mtUzAuNJH6NfHoJdb3Js=",
          "dev": true
        }
      }
    },
    "globule": {
      "version": "1.3.2",
      "resolved": "https://registry.npmjs.org/globule/-/globule-1.3.2.tgz",
      "integrity": "sha512-7IDTQTIu2xzXkT+6mlluidnWo+BypnbSoEVVQCGfzqnl5Ik8d3e1d4wycb8Rj9tWW+Z39uPWsdlquqiqPCd/pA==",
      "dev": true,
      "requires": {
        "glob": "~7.1.1",
        "lodash": "~4.17.10",
        "minimatch": "~3.0.2"
      },
      "dependencies": {
        "glob": {
          "version": "7.1.6",
          "resolved": "https://registry.npmjs.org/glob/-/glob-7.1.6.tgz",
          "integrity": "sha512-LwaxwyZ72Lk7vZINtNNrywX0ZuLyStrdDtabefZKAY5ZGJhVtgdznluResxNmPitE0SAO+O26sWTHeKSI2wMBA==",
          "dev": true,
          "requires": {
            "fs.realpath": "^1.0.0",
            "inflight": "^1.0.4",
            "inherits": "2",
            "minimatch": "^3.0.4",
            "once": "^1.3.0",
            "path-is-absolute": "^1.0.0"
          }
        },
        "lodash": {
          "version": "4.17.20",
          "resolved": "https://registry.npmjs.org/lodash/-/lodash-4.17.20.tgz",
          "integrity": "sha512-PlhdFcillOINfeV7Ni6oF1TAEayyZBoZ8bcshTHqOYJYlrqzRK5hagpagky5o4HfCzzd1TRkXPMFq6cKk9rGmA==",
          "dev": true
        },
        "minimatch": {
          "version": "3.0.4",
          "resolved": "https://registry.npmjs.org/minimatch/-/minimatch-3.0.4.tgz",
          "integrity": "sha512-yJHVQEhyqPLUTgt9B83PXu6W3rx4MvvHvSUvToogpwoGDOUQ+yDrR0HRot+yOCdCO7u4hX3pWft6kWBBcqh0UA==",
          "dev": true,
          "requires": {
            "brace-expansion": "^1.1.7"
          }
        }
      }
    },
    "graceful-fs": {
      "version": "1.2.3",
      "resolved": "https://registry.npmjs.org/graceful-fs/-/graceful-fs-1.2.3.tgz",
      "integrity": "sha1-FaSAaldUfLLS2/J/QuiajDRRs2Q=",
      "dev": true
    },
    "grunt": {
      "version": "0.4.5",
      "resolved": "https://registry.npmjs.org/grunt/-/grunt-0.4.5.tgz",
      "integrity": "sha1-VpN81RlDJK3/bSB2MYMqnWuk5/A=",
      "dev": true,
      "requires": {
        "async": "~0.1.22",
        "coffee-script": "~1.3.3",
        "colors": "~0.6.2",
        "dateformat": "1.0.2-1.2.3",
        "eventemitter2": "~0.4.13",
        "exit": "~0.1.1",
        "findup-sync": "~0.1.2",
        "getobject": "~0.1.0",
        "glob": "~3.1.21",
        "grunt-legacy-log": "~0.1.0",
        "grunt-legacy-util": "~0.2.0",
        "hooker": "~0.2.3",
        "iconv-lite": "~0.2.11",
        "js-yaml": "~2.0.5",
        "lodash": "~0.9.2",
        "minimatch": "~0.2.12",
        "nopt": "~1.0.10",
        "rimraf": "~2.2.8",
        "underscore.string": "~2.2.1",
        "which": "~1.0.5"
      }
    },
    "grunt-contrib-connect": {
      "version": "0.7.1",
      "resolved": "https://registry.npmjs.org/grunt-contrib-connect/-/grunt-contrib-connect-0.7.1.tgz",
      "integrity": "sha1-ytjeRFqBBbNJEtHCAjjM6Y3BPr4=",
      "dev": true,
      "requires": {
        "async": "~0.2.10",
        "connect": "~2.13.0",
        "connect-livereload": "~0.3.0",
        "open": "0.0.4",
        "portscanner": "0.2.2"
      },
      "dependencies": {
        "async": {
          "version": "0.2.10",
          "resolved": "https://registry.npmjs.org/async/-/async-0.2.10.tgz",
          "integrity": "sha1-trvgsGdLnXGXCMo43owjfLUmw9E=",
          "dev": true
        }
      }
    },
    "grunt-contrib-watch": {
      "version": "1.1.0",
      "resolved": "https://registry.npmjs.org/grunt-contrib-watch/-/grunt-contrib-watch-1.1.0.tgz",
      "integrity": "sha512-yGweN+0DW5yM+oo58fRu/XIRrPcn3r4tQx+nL7eMRwjpvk+rQY6R8o94BPK0i2UhTg9FN21hS+m8vR8v9vXfeg==",
      "dev": true,
      "requires": {
        "async": "^2.6.0",
        "gaze": "^1.1.0",
        "lodash": "^4.17.10",
        "tiny-lr": "^1.1.1"
      },
      "dependencies": {
        "async": {
          "version": "2.6.3",
          "resolved": "https://registry.npmjs.org/async/-/async-2.6.3.tgz",
          "integrity": "sha512-zflvls11DCy+dQWzTW2dzuilv8Z5X/pjfmZOWba6TNIVDm+2UDaJmXSOXlasHKfNBs8oo3M0aT50fDEWfKZjXg==",
          "dev": true,
          "requires": {
            "lodash": "^4.17.14"
          }
        },
        "lodash": {
          "version": "4.17.20",
          "resolved": "https://registry.npmjs.org/lodash/-/lodash-4.17.20.tgz",
          "integrity": "sha512-PlhdFcillOINfeV7Ni6oF1TAEayyZBoZ8bcshTHqOYJYlrqzRK5hagpagky5o4HfCzzd1TRkXPMFq6cKk9rGmA==",
          "dev": true
        }
      }
    },
    "grunt-legacy-log": {
      "version": "0.1.3",
      "resolved": "https://registry.npmjs.org/grunt-legacy-log/-/grunt-legacy-log-0.1.3.tgz",
      "integrity": "sha1-7ClCboAwIa9ZAp+H0vnNczWgVTE=",
      "dev": true,
      "requires": {
        "colors": "~0.6.2",
        "grunt-legacy-log-utils": "~0.1.1",
        "hooker": "~0.2.3",
        "lodash": "~2.4.1",
        "underscore.string": "~2.3.3"
      },
      "dependencies": {
        "lodash": {
          "version": "2.4.2",
          "resolved": "https://registry.npmjs.org/lodash/-/lodash-2.4.2.tgz",
          "integrity": "sha1-+t2DS5aDBz2hebPq5tnA0VBT9z4=",
          "dev": true
        },
        "underscore.string": {
          "version": "2.3.3",
          "resolved": "https://registry.npmjs.org/underscore.string/-/underscore.string-2.3.3.tgz",
          "integrity": "sha1-ccCL9rQosRM/N+ePo6Icgvcymw0=",
          "dev": true
        }
      }
    },
    "grunt-legacy-log-utils": {
      "version": "0.1.1",
      "resolved": "https://registry.npmjs.org/grunt-legacy-log-utils/-/grunt-legacy-log-utils-0.1.1.tgz",
      "integrity": "sha1-wHBrndkGThFvNvI/5OawSGcsD34=",
      "dev": true,
      "requires": {
        "colors": "~0.6.2",
        "lodash": "~2.4.1",
        "underscore.string": "~2.3.3"
      },
      "dependencies": {
        "lodash": {
          "version": "2.4.2",
          "resolved": "https://registry.npmjs.org/lodash/-/lodash-2.4.2.tgz",
          "integrity": "sha1-+t2DS5aDBz2hebPq5tnA0VBT9z4=",
          "dev": true
        },
        "underscore.string": {
          "version": "2.3.3",
          "resolved": "https://registry.npmjs.org/underscore.string/-/underscore.string-2.3.3.tgz",
          "integrity": "sha1-ccCL9rQosRM/N+ePo6Icgvcymw0=",
          "dev": true
        }
      }
    },
    "grunt-legacy-util": {
      "version": "0.2.0",
      "resolved": "https://registry.npmjs.org/grunt-legacy-util/-/grunt-legacy-util-0.2.0.tgz",
      "integrity": "sha1-kzJIhNv343qf98Am3/RR2UqeVUs=",
      "dev": true,
      "requires": {
        "async": "~0.1.22",
        "exit": "~0.1.1",
        "getobject": "~0.1.0",
        "hooker": "~0.2.3",
        "lodash": "~0.9.2",
        "underscore.string": "~2.2.1",
        "which": "~1.0.5"
      }
    },
    "hooker": {
      "version": "0.2.3",
      "resolved": "https://registry.npmjs.org/hooker/-/hooker-0.2.3.tgz",
      "integrity": "sha1-uDT3I8xKJCqmWWNFnfbZhMXT2Vk=",
      "dev": true
    },
    "http-parser-js": {
      "version": "0.5.3",
      "resolved": "https://registry.npmjs.org/http-parser-js/-/http-parser-js-0.5.3.tgz",
      "integrity": "sha512-t7hjvef/5HEK7RWTdUzVUhl8zkEu+LlaE0IYzdMuvbSDipxBRpOn4Uhw8ZyECEa808iVT8XCjzo6xmYt4CiLZg==",
      "dev": true
    },
    "iconv-lite": {
      "version": "0.2.11",
      "resolved": "https://registry.npmjs.org/iconv-lite/-/iconv-lite-0.2.11.tgz",
      "integrity": "sha1-HOYKOleGSiktEyH/RgnKS7llrcg=",
      "dev": true
    },
    "ieee754": {
      "version": "1.2.1",
      "resolved": "https://registry.npmjs.org/ieee754/-/ieee754-1.2.1.tgz",
      "integrity": "sha512-dcyqhDvX1C46lXZcVqCpK+FtMRQVdIMN6/Df5js2zouUsqG7I6sFxitIC+7KYK29KdXOLHdu9zL4sFnoVQnqaA=="
    },
    "inflight": {
      "version": "1.0.6",
      "resolved": "https://registry.npmjs.org/inflight/-/inflight-1.0.6.tgz",
      "integrity": "sha1-Sb1jMdfQLQwJvJEKEHW6gWW1bfk=",
      "dev": true,
      "requires": {
        "once": "^1.3.0",
        "wrappy": "1"
      }
    },
    "inherits": {
      "version": "2.0.4",
      "resolved": "https://registry.npmjs.org/inherits/-/inherits-2.0.4.tgz",
      "integrity": "sha512-k/vGaX4/Yla3WzyMCvTQOXYeIHvqOKtnqBduzTHpzpQZzAskKMhZ2K+EnBiSM9zGSoIFeMpXKxa4dYeZIQqewQ==",
      "dev": true
    },
    "isarray": {
      "version": "0.0.1",
      "resolved": "https://registry.npmjs.org/isarray/-/isarray-0.0.1.tgz",
      "integrity": "sha1-ihis/Kmo9Bd+Cav8YDiTmwXR7t8=",
      "dev": true
    },
    "js-yaml": {
      "version": "2.0.5",
      "resolved": "https://registry.npmjs.org/js-yaml/-/js-yaml-2.0.5.tgz",
      "integrity": "sha1-olrmUJmZ6X3yeMZxnaEb0Gh3Q6g=",
      "dev": true,
      "requires": {
        "argparse": "~ 0.1.11",
        "esprima": "~ 1.0.2"
      }
    },
    "json-stringify-pretty-compact": {
      "version": "2.0.0",
      "resolved": "https://registry.npmjs.org/json-stringify-pretty-compact/-/json-stringify-pretty-compact-2.0.0.tgz",
      "integrity": "sha512-WRitRfs6BGq4q8gTgOy4ek7iPFXjbra0H3PmDLKm2xnZ+Gh1HUhiKGgCZkSPNULlP7mvfu6FV/mOLhCarspADQ=="
    },
    "livereload-js": {
      "version": "2.4.0",
      "resolved": "https://registry.npmjs.org/livereload-js/-/livereload-js-2.4.0.tgz",
      "integrity": "sha512-XPQH8Z2GDP/Hwz2PCDrh2mth4yFejwA1OZ/81Ti3LgKyhDcEjsSsqFWZojHG0va/duGd+WyosY7eXLDoOyqcPw==",
      "dev": true
    },
    "lodash": {
      "version": "0.9.2",
      "resolved": "https://registry.npmjs.org/lodash/-/lodash-0.9.2.tgz",
      "integrity": "sha1-jzSZxSRdNG1oLlsNO0B2fgnxqSw=",
      "dev": true
    },
    "lru-cache": {
      "version": "2.7.3",
      "resolved": "https://registry.npmjs.org/lru-cache/-/lru-cache-2.7.3.tgz",
      "integrity": "sha1-bUUk6LlV+V1PW1iFHOId1y+06VI=",
      "dev": true
    },
    "mapbox-to-css-font": {
      "version": "2.4.0",
      "resolved": "https://registry.npmjs.org/mapbox-to-css-font/-/mapbox-to-css-font-2.4.0.tgz",
      "integrity": "sha512-v674D0WtpxCXlA6E+sBlG1QJWdUkz/s9qAD91bJSXBGuBL5lL4tJXpoJEftecphCh2SVQCjWMS2vhylc3AIQTg=="
    },
    "methods": {
      "version": "0.1.0",
      "resolved": "https://registry.npmjs.org/methods/-/methods-0.1.0.tgz",
      "integrity": "sha1-M11Cnu/SG3us8unJIqjSvRSjDk8=",
      "dev": true
    },
    "mime": {
      "version": "1.2.11",
      "resolved": "https://registry.npmjs.org/mime/-/mime-1.2.11.tgz",
      "integrity": "sha1-WCA+7Ybjpe8XrtK32evUfwpg3RA=",
      "dev": true
    },
    "minimatch": {
      "version": "0.2.14",
      "resolved": "https://registry.npmjs.org/minimatch/-/minimatch-0.2.14.tgz",
      "integrity": "sha1-x054BXT2PG+aCQ6Q775u9TpqdWo=",
      "dev": true,
      "requires": {
        "lru-cache": "2",
        "sigmund": "~1.0.0"
      }
    },
    "minimist": {
      "version": "1.2.5",
      "resolved": "https://registry.npmjs.org/minimist/-/minimist-1.2.5.tgz",
      "integrity": "sha512-FM9nNUYrRBAELZQT3xeZQ7fmMOBg6nWNmJKTcgsJeaLstP/UODVpGsr5OhXhhXg6f+qtJ8uiZ+PUxkDWcgIXLw=="
    },
    "ms": {
      "version": "2.1.3",
      "resolved": "https://registry.npmjs.org/ms/-/ms-2.1.3.tgz",
      "integrity": "sha512-6FlzubTLZG3J2a/NVCAleEhjzq5oxgHyaCU9yYXvcLsvoVaHJq/s5xXI6/XXP6tz7R9xAOtHnSO/tXtF3WRTlA==",
      "dev": true
    },
    "multiparty": {
      "version": "2.2.0",
      "resolved": "https://registry.npmjs.org/multiparty/-/multiparty-2.2.0.tgz",
      "integrity": "sha1-pWfCrwAK0i3I8qZT2Rl4rh9TFvQ=",
      "dev": true,
      "requires": {
        "readable-stream": "~1.1.9",
        "stream-counter": "~0.2.0"
      }
    },
    "negotiator": {
      "version": "0.3.0",
      "resolved": "https://registry.npmjs.org/negotiator/-/negotiator-0.3.0.tgz",
      "integrity": "sha1-cG1pLv7d9XTVfqn7GriaT6fuj2A=",
      "dev": true
    },
    "nopt": {
      "version": "1.0.10",
      "resolved": "https://registry.npmjs.org/nopt/-/nopt-1.0.10.tgz",
      "integrity": "sha1-bd0hvSoxQXuScn3Vhfim83YI6+4=",
      "dev": true,
      "requires": {
        "abbrev": "1"
      }
    },
    "object-assign": {
      "version": "4.1.1",
      "resolved": "https://registry.npmjs.org/object-assign/-/object-assign-4.1.1.tgz",
      "integrity": "sha1-IQmtx5ZYh8/AXLvUQsrIv7s2CGM=",
      "dev": true
    },
    "ol": {
      "version": "6.4.3",
      "resolved": "https://registry.npmjs.org/ol/-/ol-6.4.3.tgz",
      "integrity": "sha512-JcoZ/VJE9cUoxfhpa2EFYH0AHFYty1x47aITsQgLkyvWIWWigWp1N9LBcCSlCuu2QkE+DutomI2oKfnFbQA/xw==",
      "requires": {
        "ol-mapbox-style": "^6.1.1",
        "pbf": "3.2.1",
        "rbush": "^3.0.1"
      }
    },
    "ol-mapbox-style": {
      "version": "6.2.1",
      "resolved": "https://registry.npmjs.org/ol-mapbox-style/-/ol-mapbox-style-6.2.1.tgz",
      "integrity": "sha512-WoRa+pSc8jY8oQ3wyXqA5kV3wn9DkO5r4pW+x5H+R//Ic3I0zmQqMQwwC2FOeB3sJBaY7NL1RjtwDH5ca1or4Q==",
      "requires": {
        "@mapbox/mapbox-gl-style-spec": "^13.14.0",
        "mapbox-to-css-font": "^2.4.0",
        "webfont-matcher": "^1.1.0"
      }
    },
    "once": {
      "version": "1.4.0",
      "resolved": "https://registry.npmjs.org/once/-/once-1.4.0.tgz",
      "integrity": "sha1-WDsap3WWHUsROsF9nFC6753Xa9E=",
      "dev": true,
      "requires": {
        "wrappy": "1"
      }
    },
    "open": {
      "version": "0.0.4",
      "resolved": "https://registry.npmjs.org/open/-/open-0.0.4.tgz",
      "integrity": "sha1-XeRqCFi59J+fIRqo8mYoVQZX8mI=",
      "dev": true
    },
    "path-is-absolute": {
      "version": "1.0.1",
      "resolved": "https://registry.npmjs.org/path-is-absolute/-/path-is-absolute-1.0.1.tgz",
      "integrity": "sha1-F0uSaHNVNP+8es5r9TpanhtcX18=",
      "dev": true
    },
    "pause": {
      "version": "0.0.1",
      "resolved": "https://registry.npmjs.org/pause/-/pause-0.0.1.tgz",
      "integrity": "sha1-HUCLP9t2kjuVQ9lvtMnf1TXZy10=",
      "dev": true
    },
    "pbf": {
      "version": "3.2.1",
      "resolved": "https://registry.npmjs.org/pbf/-/pbf-3.2.1.tgz",
      "integrity": "sha512-ClrV7pNOn7rtmoQVF4TS1vyU0WhYRnP92fzbfF75jAIwpnzdJXf8iTd4CMEqO4yUenH6NDqLiwjqlh6QgZzgLQ==",
      "requires": {
        "ieee754": "^1.1.12",
        "resolve-protobuf-schema": "^2.1.0"
      }
    },
    "portscanner": {
      "version": "0.2.2",
      "resolved": "https://registry.npmjs.org/portscanner/-/portscanner-0.2.2.tgz",
      "integrity": "sha1-g5PuEoTm4a8/19X2BqL9N4zjdDg=",
      "dev": true,
      "requires": {
        "async": "0.1.15"
      },
      "dependencies": {
        "async": {
          "version": "0.1.15",
          "resolved": "https://registry.npmjs.org/async/-/async-0.1.15.tgz",
          "integrity": "sha1-IYDqyizypspSgNQcBYW+ybPkm9M=",
          "dev": true
        }
      }
    },
    "protocol-buffers-schema": {
      "version": "3.4.0",
      "resolved": "https://registry.npmjs.org/protocol-buffers-schema/-/protocol-buffers-schema-3.4.0.tgz",
      "integrity": "sha512-G/2kcamPF2S49W5yaMGdIpkG6+5wZF0fzBteLKgEHjbNzqjZQ85aAs1iJGto31EJaSTkNvHs5IXuHSaTLWBAiA=="
    },
    "qs": {
      "version": "0.6.6",
      "resolved": "https://registry.npmjs.org/qs/-/qs-0.6.6.tgz",
      "integrity": "sha1-bgFQmP9RlouKPIGQAdXyyJvEsQc=",
      "dev": true
    },
    "quickselect": {
      "version": "2.0.0",
      "resolved": "https://registry.npmjs.org/quickselect/-/quickselect-2.0.0.tgz",
      "integrity": "sha512-RKJ22hX8mHe3Y6wH/N3wCM6BWtjaxIyyUIkpHOvfFnxdI4yD4tBXEBKSbriGujF6jnSVkJrffuo6vxACiSSxIw=="
    },
    "range-parser": {
      "version": "0.0.4",
      "resolved": "https://registry.npmjs.org/range-parser/-/range-parser-0.0.4.tgz",
      "integrity": "sha1-wEJ//vUcEKy6B4KkbJYC50T/Ygs=",
      "dev": true
    },
    "raw-body": {
      "version": "1.1.3",
      "resolved": "https://registry.npmjs.org/raw-body/-/raw-body-1.1.3.tgz",
      "integrity": "sha1-PS+R4kSSWcxnuMPOnwYdtbmHk1s=",
      "dev": true,
      "requires": {
        "bytes": "~0.2.1"
      }
    },
    "rbush": {
      "version": "3.0.1",
      "resolved": "https://registry.npmjs.org/rbush/-/rbush-3.0.1.tgz",
      "integrity": "sha512-XRaVO0YecOpEuIvbhbpTrZgoiI6xBlz6hnlr6EHhd+0x9ase6EmeN+hdwwUaJvLcsFFQ8iWVF1GAK1yB0BWi0w==",
      "requires": {
        "quickselect": "^2.0.0"
      }
    },
    "readable-stream": {
      "version": "1.1.14",
      "resolved": "https://registry.npmjs.org/readable-stream/-/readable-stream-1.1.14.tgz",
      "integrity": "sha1-fPTFTvZI44EwhMY23SB54WbAgdk=",
      "dev": true,
      "requires": {
        "core-util-is": "~1.0.0",
        "inherits": "~2.0.1",
        "isarray": "0.0.1",
        "string_decoder": "~0.10.x"
      }
    },
    "resolve-protobuf-schema": {
      "version": "2.1.0",
      "resolved": "https://registry.npmjs.org/resolve-protobuf-schema/-/resolve-protobuf-schema-2.1.0.tgz",
      "integrity": "sha512-kI5ffTiZWmJaS/huM8wZfEMer1eRd7oJQhDuxeCLe3t7N7mX3z94CN0xPxBQxFYQTSNz9T0i+v6inKqSdK8xrQ==",
      "requires": {
        "protocol-buffers-schema": "^3.3.1"
      }
    },
    "rimraf": {
      "version": "2.2.8",
      "resolved": "https://registry.npmjs.org/rimraf/-/rimraf-2.2.8.tgz",
      "integrity": "sha1-5Dm+Kq7jJzIZUnMPmaiSnk/FBYI=",
      "dev": true
    },
    "rw": {
      "version": "1.3.3",
      "resolved": "https://registry.npmjs.org/rw/-/rw-1.3.3.tgz",
      "integrity": "sha1-P4Yt+pGrdmsUiF700BEkv9oHT7Q="
    },
    "safe-buffer": {
      "version": "5.2.1",
      "resolved": "https://registry.npmjs.org/safe-buffer/-/safe-buffer-5.2.1.tgz",
      "integrity": "sha512-rp3So07KcdmmKbGvgaNxQSJr7bGVSVk5S9Eq1F+ppbRo70+YeaDxkw5Dd8NPN+GD6bjnYm2VuPuCXmpuYvmCXQ==",
      "dev": true
    },
    "safe-json-parse": {
      "version": "1.0.1",
      "resolved": "https://registry.npmjs.org/safe-json-parse/-/safe-json-parse-1.0.1.tgz",
      "integrity": "sha1-PnZyPjjf3aE8mx0poeB//uSzC1c=",
      "dev": true
    },
    "send": {
      "version": "0.1.4",
      "resolved": "https://registry.npmjs.org/send/-/send-0.1.4.tgz",
      "integrity": "sha1-vnDY0b4B3mGCGvE3gLUDRaT3Gr0=",
      "dev": true,
      "requires": {
        "debug": "*",
        "fresh": "0.2.0",
        "mime": "~1.2.9",
        "range-parser": "0.0.4"
      }
    },
    "sigmund": {
      "version": "1.0.1",
      "resolved": "https://registry.npmjs.org/sigmund/-/sigmund-1.0.1.tgz",
      "integrity": "sha1-P/IfGYytIXX587eBhT/ZTQ0ZtZA=",
      "dev": true
    },
    "sort-asc": {
      "version": "0.1.0",
      "resolved": "https://registry.npmjs.org/sort-asc/-/sort-asc-0.1.0.tgz",
      "integrity": "sha1-q3md9h/HPqCVbHnEtTHtHp53J+k="
    },
    "sort-desc": {
      "version": "0.1.1",
      "resolved": "https://registry.npmjs.org/sort-desc/-/sort-desc-0.1.1.tgz",
      "integrity": "sha1-GYuMDN6wlcRjNBhh45JdTuNZqe4="
    },
    "sort-object": {
      "version": "0.3.2",
      "resolved": "https://registry.npmjs.org/sort-object/-/sort-object-0.3.2.tgz",
      "integrity": "sha1-mODRme3kDgfGGoRAPGHWw7KQ+eI=",
      "requires": {
        "sort-asc": "^0.1.0",
        "sort-desc": "^0.1.1"
      }
    },
    "stream-counter": {
      "version": "0.2.0",
      "resolved": "https://registry.npmjs.org/stream-counter/-/stream-counter-0.2.0.tgz",
      "integrity": "sha1-3tJmVWMZyLDiIoErnPOyb6fZR94=",
      "dev": true,
      "requires": {
        "readable-stream": "~1.1.8"
      }
    },
    "string-template": {
      "version": "0.2.1",
      "resolved": "https://registry.npmjs.org/string-template/-/string-template-0.2.1.tgz",
      "integrity": "sha1-QpMuWYo1LQH8IuwzZ9nYTuxsmt0=",
      "dev": true
    },
    "string_decoder": {
      "version": "0.10.31",
      "resolved": "https://registry.npmjs.org/string_decoder/-/string_decoder-0.10.31.tgz",
      "integrity": "sha1-YuIDvEF2bGwoyfyEMB2rHFMQ+pQ=",
      "dev": true
    },
    "tiny-lr": {
      "version": "1.1.1",
      "resolved": "https://registry.npmjs.org/tiny-lr/-/tiny-lr-1.1.1.tgz",
      "integrity": "sha512-44yhA3tsaRoMOjQQ+5v5mVdqef+kH6Qze9jTpqtVufgYjYt08zyZAwNwwVBj3i1rJMnR52IxOW0LK0vBzgAkuA==",
      "dev": true,
      "requires": {
        "body": "^5.1.0",
        "debug": "^3.1.0",
        "faye-websocket": "~0.10.0",
        "livereload-js": "^2.3.0",
        "object-assign": "^4.1.0",
        "qs": "^6.4.0"
      },
      "dependencies": {
        "debug": {
          "version": "3.2.7",
          "resolved": "https://registry.npmjs.org/debug/-/debug-3.2.7.tgz",
          "integrity": "sha512-CFjzYYAi4ThfiQvizrFQevTTXHtnCqWfe7x1AhgEscTz6ZbLbfoLRLPugTQyBth6f8ZERVUSyWHFD/7Wu4t1XQ==",
          "dev": true,
          "requires": {
            "ms": "^2.1.1"
          }
        },
        "qs": {
          "version": "6.9.6",
          "resolved": "https://registry.npmjs.org/qs/-/qs-6.9.6.tgz",
          "integrity": "sha512-TIRk4aqYLNoJUbd+g2lEdz5kLWIuTMRagAXxl78Q0RiVjAOugHmeKNGdd3cwo/ktpf9aL9epCfFqWDEKysUlLQ==",
          "dev": true
        }
      }
    },
    "uid2": {
      "version": "0.0.3",
      "resolved": "https://registry.npmjs.org/uid2/-/uid2-0.0.3.tgz",
      "integrity": "sha1-SDEm4Rd03y9xuLY53NeZw3YWK4I=",
      "dev": true
    },
    "underscore": {
      "version": "1.7.0",
      "resolved": "https://registry.npmjs.org/underscore/-/underscore-1.7.0.tgz",
      "integrity": "sha1-a7rwh3UA02vjTsqlhODbn+8DUgk=",
      "dev": true
    },
    "underscore.string": {
      "version": "2.2.1",
      "resolved": "https://registry.npmjs.org/underscore.string/-/underscore.string-2.2.1.tgz",
      "integrity": "sha1-18D6KvXVoaZ/QlPa7pgTLnM/Dxk=",
      "dev": true
    },
    "webfont-matcher": {
      "version": "1.1.0",
      "resolved": "https://registry.npmjs.org/webfont-matcher/-/webfont-matcher-1.1.0.tgz",
      "integrity": "sha1-mM6VCXsp4x++czBT4Q5XFkLRxsc="
    },
    "websocket-driver": {
      "version": "0.7.4",
      "resolved": "https://registry.npmjs.org/websocket-driver/-/websocket-driver-0.7.4.tgz",
      "integrity": "sha512-b17KeDIQVjvb0ssuSDF2cYXSg2iztliJ4B9WdsuB6J952qCPKmnVq4DyW5motImXHDC1cBT/1UezrJVsKw5zjg==",
      "dev": true,
      "requires": {
        "http-parser-js": ">=0.5.1",
        "safe-buffer": ">=5.1.0",
        "websocket-extensions": ">=0.1.1"
      }
    },
    "websocket-extensions": {
      "version": "0.1.4",
      "resolved": "https://registry.npmjs.org/websocket-extensions/-/websocket-extensions-0.1.4.tgz",
      "integrity": "sha512-OqedPIGOfsDlo31UNwYbCFMSaO9m9G/0faIHj5/dZFDMFqPTcx6UwqyOy3COEaEOg/9VsGIpdqn62W5KhoKSpg==",
      "dev": true
    },
    "which": {
      "version": "1.0.9",
      "resolved": "https://registry.npmjs.org/which/-/which-1.0.9.tgz",
      "integrity": "sha1-RgwdoPgQED0DIam2M6+eV15kSG8=",
      "dev": true
    },
    "wrappy": {
      "version": "1.0.2",
      "resolved": "https://registry.npmjs.org/wrappy/-/wrappy-1.0.2.tgz",
      "integrity": "sha1-tSQ9jz7BqjXxNkYFvA0QNuMKtp8=",
      "dev": true
    }
  }
}
